
Microsoft Visual Studio Solution File, Format Version 12.00
# Visual Studio Version 17
VisualStudioVersion = 17.7.34221.43
MinimumVisualStudioVersion = 10.0.40219.1
Project("{FAE04EC0-301F-11D3-BF4B-00C04F79EFBC}") = "GenList", "GenList\GenList.csproj", "{F1979E08-FC29-46CE-AF44-DE6082175EBC}"
EndProject
Global
	GlobalSection(SolutionConfigurationPlatforms) = preSolution
		Debug|Any CPU = Debug|Any CPU
		Release|Any CPU = Release|Any CPU
	EndGlobalSection
	GlobalSection(ProjectConfigurationPlatforms) = postSolution
		{F1979E08-FC29-46CE-AF44-DE6082175EBC}.Debug|Any CPU.ActiveCfg = Debug|Any CPU
		{F1979E08-FC29-46CE-AF44-DE6082175EBC}.Debug|Any CPU.Build.0 = Debug|Any CPU
		{F1979E08-FC29-46CE-AF44-DE6082175EBC}.Release|Any CPU.ActiveCfg = Release|Any CPU
		{F1979E08-FC29-46CE-AF44-DE6082175EBC}.Release|Any CPU.Build.0 = Release|Any CPU
	EndGlobalSection
	GlobalSection(SolutionProperties) = preSolution
		HideSolutionNode = FALSE
	EndGlobalSection
	GlobalSection(ExtensibilityGlobals) = postSolution
		SolutionGuid = {4534C4D6-384A-44F4-A543-B6157DDCB7BB}
	EndGlobalSection
EndGlobal
